
Microsoft Visual Studio Solution File, Format Version 12.00
# Visual Studio Version 16
VisualStudioVersion = 16.0.28803.352
MinimumVisualStudioVersion = 10.0.40219.1
Project("{6EC3EE1D-3C4E-46DD-8F32-0CC8E7565705}") = "SERP", "SERP.fsproj", "{15EA1D46-D5BF-4CA3-AA04-26C4D9407C8F}"
EndProject
Project("{6EC3EE1D-3C4E-46DD-8F32-0CC8E7565705}") = "Entities", "Entities\Entities.fsproj", "{BF6F0E6E-C12C-457D-AE5B-5A80726259EF}"
EndProject
Project("{9A19103F-16F7-4668-BE54-9A1E7A4F7556}") = "DbContext", "Models\DbContext.csproj", "{6E9C6D68-94F0-4A39-BD18-A8A6E1D9D513}"
EndProject
Project("{9A19103F-16F7-4668-BE54-9A1E7A4F7556}") = "UI", "UI\UI.csproj", "{04F1B089-675D-47A2-BC1C-0ED6F02BCE3A}"
EndProject
Global
	GlobalSection(SolutionConfigurationPlatforms) = preSolution
		Debug|Any CPU = Debug|Any CPU
		Release|Any CPU = Release|Any CPU
	EndGlobalSection
	GlobalSection(ProjectConfigurationPlatforms) = postSolution
		{15EA1D46-D5BF-4CA3-AA04-26C4D9407C8F}.Debug|Any CPU.ActiveCfg = Debug|Any CPU
		{15EA1D46-D5BF-4CA3-AA04-26C4D9407C8F}.Debug|Any CPU.Build.0 = Debug|Any CPU
		{15EA1D46-D5BF-4CA3-AA04-26C4D9407C8F}.Release|Any CPU.ActiveCfg = Release|Any CPU
		{15EA1D46-D5BF-4CA3-AA04-26C4D9407C8F}.Release|Any CPU.Build.0 = Release|Any CPU
		{BF6F0E6E-C12C-457D-AE5B-5A80726259EF}.Debug|Any CPU.ActiveCfg = Debug|Any CPU
		{BF6F0E6E-C12C-457D-AE5B-5A80726259EF}.Debug|Any CPU.Build.0 = Debug|Any CPU
		{BF6F0E6E-C12C-457D-AE5B-5A80726259EF}.Release|Any CPU.ActiveCfg = Release|Any CPU
		{BF6F0E6E-C12C-457D-AE5B-5A80726259EF}.Release|Any CPU.Build.0 = Release|Any CPU
		{6E9C6D68-94F0-4A39-BD18-A8A6E1D9D513}.Debug|Any CPU.ActiveCfg = Debug|Any CPU
		{6E9C6D68-94F0-4A39-BD18-A8A6E1D9D513}.Debug|Any CPU.Build.0 = Debug|Any CPU
		{6E9C6D68-94F0-4A39-BD18-A8A6E1D9D513}.Release|Any CPU.ActiveCfg = Release|Any CPU
		{6E9C6D68-94F0-4A39-BD18-A8A6E1D9D513}.Release|Any CPU.Build.0 = Release|Any CPU
		{04F1B089-675D-47A2-BC1C-0ED6F02BCE3A}.Debug|Any CPU.ActiveCfg = Debug|Any CPU
		{04F1B089-675D-47A2-BC1C-0ED6F02BCE3A}.Debug|Any CPU.Build.0 = Debug|Any CPU
		{04F1B089-675D-47A2-BC1C-0ED6F02BCE3A}.Release|Any CPU.ActiveCfg = Release|Any CPU
		{04F1B089-675D-47A2-BC1C-0ED6F02BCE3A}.Release|Any CPU.Build.0 = Release|Any CPU
	EndGlobalSection
	GlobalSection(SolutionProperties) = preSolution
		HideSolutionNode = FALSE
	EndGlobalSection
	GlobalSection(ExtensibilityGlobals) = postSolution
		SolutionGuid = {70DCA804-57F1-4A74-B34F-45EE7F4B8731}
	EndGlobalSection
EndGlobal
